Microsoft Visual Studio Solution File, Format Version 1.00
Project("{66355F20-A65B-11D0-BFB5-00A0C91EBFA0}") = "BGGraphTest", "BGGraphTest.vjp", "{19F527E7-138D-40FB-8395-83D4167737BE}"
EndProject
Global
	GlobalSection(LocalDeployment) = postSolution
		StartupProject = {19F527E7-138D-40FB-8395-83D4167737BE}
	EndGlobalSection
	GlobalSection(BuildOrder) = postSolution
		0 = {19F527E7-138D-40FB-8395-83D4167737BE}
	EndGlobalSection
	GlobalSection(DeploymentRoot) = postSolution
	EndGlobalSection
EndGlobal
