Microsoft Visual Studio Solution File, Format Version 1.00
Project("{66355F20-A65B-11D0-BFB5-00A0C91EBFA0}") = "BreezyGUI", "BreezyGUI.vjp", "{5452157B-877C-4DD0-8B4E-5CA2476CD080}"
EndProject
Global
	GlobalSection(LocalDeployment) = postSolution
		StartupProject = {5452157B-877C-4DD0-8B4E-5CA2476CD080}
	EndGlobalSection
	GlobalSection(BuildOrder) = postSolution
		0 = {5452157B-877C-4DD0-8B4E-5CA2476CD080}
	EndGlobalSection
	GlobalSection(DeploymentRoot) = postSolution
	EndGlobalSection
EndGlobal
