Microsoft Visual Studio Solution File, Format Version 1.00
Project("{66355F20-A65B-11D0-BFB5-00A0C91EBFA0}") = "ch8", "ch8.vjp", "{91ED8377-4AD8-4535-AC3D-D536FB7A4EDE}"
EndProject
Project("{66355F20-A65B-11D0-BFB5-00A0C91EBFA0}") = "BreezySwing", "..\BreezySwing\BreezySwing.vjp", "{668A717A-F929-44F7-BA97-4956E5F86365}"
EndProject
Global
	GlobalSection(LocalDeployment) = postSolution
		StartupProject = {91ED8377-4AD8-4535-AC3D-D536FB7A4EDE}
	EndGlobalSection
	GlobalSection(BuildOrder) = postSolution
		0 = {91ED8377-4AD8-4535-AC3D-D536FB7A4EDE}
		1 = {668A717A-F929-44F7-BA97-4956E5F86365}
	EndGlobalSection
	GlobalSection(DeploymentRoot) = postSolution
	EndGlobalSection
EndGlobal
